// !$*UTF8*$!
{
	archiveVersion = 1;
	classes = {
	};
	objectVersion = 50;
	objects = {

/* Begin PBXBuildFile section */
		7C313863264D4680003A39AD /* SwiftOSC.framework in Frameworks */ = {isa = PBXBuildFile; fileRef = 7CEB874A264D45570042E7C5 /* SwiftOSC.framework */; };
		7C313864264D4680003A39AD /* SwiftOSC.framework in Embed Frameworks */ = {isa = PBXBuildFile; fileRef = 7CEB874A264D45570042E7C5 /* SwiftOSC.framework */; settings = {ATTRIBUTES = (CodeSignOnCopy, RemoveHeadersOnCopy, ); }; };
		7CA8EAC8264C3C02006C5E52 /* AppDelegate.swift in Sources */ = {isa = PBXBuildFile; fileRef = 7CA8EAC7264C3C02006C5E52 /* AppDelegate.swift */; };
		7CA8EACA264C3C02006C5E52 /* SceneDelegate.swift in Sources */ = {isa = PBXBuildFile; fileRef = 7CA8EAC9264C3C02006C5E52 /* SceneDelegate.swift */; };
		7CA8EACC264C3C02006C5E52 /* ViewController.swift in Sources */ = {isa = PBXBuildFile; fileRef = 7CA8EACB264C3C02006C5E52 /* ViewController.swift */; };
		7CA8EACF264C3C02006C5E52 /* Main.storyboard in Resources */ = {isa = PBXBuildFile; fileRef = 7CA8EACD264C3C02006C5E52 /* Main.storyboard */; };
		7CA8EAD1264C3C04006C5E52 /* Assets.xcassets in Resources */ = {isa = PBXBuildFile; fileRef = 7CA8EAD0264C3C04006C5E52 /* Assets.xcassets */; };
		7CA8EAD4264C3C04006C5E52 /* LaunchScreen.storyboard in Resources */ = {isa = PBXBuildFile; fileRef = 7CA8EAD2264C3C04006C5E52 /* LaunchScreen.storyboard */; };
/* End PBXBuildFile section */

/* Begin PBXContainerItemProxy section */
		7CEB8749264D45570042E7C5 /* PBXContainerItemProxy */ = {
			isa = PBXContainerItemProxy;
			containerPortal = 7CEB8745264D45570042E7C5 /* iOS.xcodeproj */;
			proxyType = 2;
			remoteGlobalIDString = 036486761F820BBD00F3D6CE;
			remoteInfo = SwiftOSC;
		};
/* End PBXContainerItemProxy section */

/* Begin PBXCopyFilesBuildPhase section */
		7C313865264D4680003A39AD /* Embed Frameworks */ = {
			isa = PBXCopyFilesBuildPhase;
			buildActionMask = 2147483647;
			dstPath = "";
			dstSubfolderSpec = 10;
			files = (
				7C313864264D4680003A39AD /* SwiftOSC.framework in Embed Frameworks */,
			);
			name = "Embed Frameworks";
			runOnlyForDeploymentPostprocessing = 0;
		};
/* End PBXCopyFilesBuildPhase section */

/* Begin PBXFileReference section */
		7C313877264D4C37003A39AD /* OSC-Server-AUv3.entitlements */ = {isa = PBXFileReference; lastKnownFileType = text.plist.entitlements; path = "OSC-Server-AUv3.entitlements"; sourceTree = "<group>"; };
		7CA8EAC4264C3C02006C5E52 /* OSC-Server-AUv3.app */ = {isa = PBXFileReference; explicitFileType = wrapper.application; includeInIndex = 0; path = "OSC-Server-AUv3.app"; sourceTree = BUILT_PRODUCTS_DIR; };
		7CA8EAC7264C3C02006C5E52 /* AppDelegate.swift */ = {isa = PBXFileReference; lastKnownFileType = sourcecode.swift; path = AppDelegate.swift; sourceTree = "<group>"; };
		7CA8EAC9264C3C02006C5E52 /* SceneDelegate.swift */ = {isa = PBXFileReference; lastKnownFileType = sourcecode.swift; path = SceneDelegate.swift; sourceTree = "<group>"; };
		7CA8EACB264C3C02006C5E52 /* ViewController.swift */ = {isa = PBXFileReference; lastKnownFileType = sourcecode.swift; path = ViewController.swift; sourceTree = "<group>"; };
		7CA8EACE264C3C02006C5E52 /* Base */ = {isa = PBXFileReference; lastKnownFileType = file.storyboard; name = Base; path = Base.lproj/Main.storyboard; sourceTree = "<group>"; };
		7CA8EAD0264C3C04006C5E52 /* Assets.xcassets */ = {isa = PBXFileReference; lastKnownFileType = folder.assetcatalog; path = Assets.xcassets; sourceTree = "<group>"; };
		7CA8EAD3264C3C04006C5E52 /* Base */ = {isa = PBXFileReference; lastKnownFileType = file.storyboard; name = Base; path = Base.lproj/LaunchScreen.storyboard; sourceTree = "<group>"; };
		7CA8EAD5264C3C04006C5E52 /* Info.plist */ = {isa = PBXFileReference; lastKnownFileType = text.plist.xml; path = Info.plist; sourceTree = "<group>"; };
		7CEB8745264D45570042E7C5 /* iOS.xcodeproj */ = {isa = PBXFileReference; lastKnownFileType = "wrapper.pb-project"; name = iOS.xcodeproj; path = "../../../../../../Users/fjw/Downloads/SwiftOSC-master/Framework/iOS/iOS.xcodeproj"; sourceTree = "<group>"; };
/* End PBXFileReference section */

/* Begin PBXFrameworksBuildPhase section */
		7CA8EAC1264C3C02006C5E52 /* Frameworks */ = {
			isa = PBXFrameworksBuildPhase;
			buildActionMask = 2147483647;
			files = (
				7C313863264D4680003A39AD /* SwiftOSC.framework in Frameworks */,
			);
			runOnlyForDeploymentPostprocessing = 0;
		};
/* End PBXFrameworksBuildPhase section */

/* Begin PBXGroup section */
		7C313861264D4680003A39AD /* Frameworks */ = {
			isa = PBXGroup;
			children = (
			);
			name = Frameworks;
			sourceTree = "<group>";
		};
		7CA8EABB264C3C02006C5E52 = {
			isa = PBXGroup;
			children = (
				7CEB8745264D45570042E7C5 /* iOS.xcodeproj */,
				7CA8EAC6264C3C02006C5E52 /* OSC-Server-AUv3 */,
				7CA8EAC5264C3C02006C5E52 /* Products */,
				7C313861264D4680003A39AD /* Frameworks */,
			);
			sourceTree = "<group>";
		};
		7CA8EAC5264C3C02006C5E52 /* Products */ = {
			isa = PBXGroup;
			children = (
				7CA8EAC4264C3C02006C5E52 /* OSC-Server-AUv3.app */,
			);
			name = Products;
			sourceTree = "<group>";
		};
		7CA8EAC6264C3C02006C5E52 /* OSC-Server-AUv3 */ = {
			isa = PBXGroup;
			children = (
				7C313877264D4C37003A39AD /* OSC-Server-AUv3.entitlements */,
				7CA8EAC7264C3C02006C5E52 /* AppDelegate.swift */,
				7CA8EAC9264C3C02006C5E52 /* SceneDelegate.swift */,
				7CA8EACB264C3C02006C5E52 /* ViewController.swift */,
				7CA8EACD264C3C02006C5E52 /* Main.storyboard */,
				7CA8EAD0264C3C04006C5E52 /* Assets.xcassets */,
				7CA8EAD2264C3C04006C5E52 /* LaunchScreen.storyboard */,
				7CA8EAD5264C3C04006C5E52 /* Info.plist */,
			);
			path = "OSC-Server-AUv3";
			sourceTree = "<group>";
		};
		7CEB8746264D45570042E7C5 /* Products */ = {
			isa = PBXGroup;
			children = (
				7CEB874A264D45570042E7C5 /* SwiftOSC.framework */,
			);
			name = Products;
			sourceTree = "<group>";
		};
/* End PBXGroup section */

/* Begin PBXNativeTarget section */
		7CA8EAC3264C3C02006C5E52 /* OSC-Server-AUv3 */ = {
			isa = PBXNativeTarget;
			buildConfigurationList = 7CA8EAEE264C3C05006C5E52 /* Build configuration list for PBXNativeTarget "OSC-Server-AUv3" */;
			buildPhases = (
				7CA8EAC0264C3C02006C5E52 /* Sources */,
				7CA8EAC1264C3C02006C5E52 /* Frameworks */,
				7CA8EAC2264C3C02006C5E52 /* Resources */,
				7C313865264D4680003A39AD /* Embed Frameworks */,
			);
			buildRules = (
			);
			dependencies = (
			);
			name = "OSC-Server-AUv3";
			productName = "OSC-Server-AUv3";
			productReference = 7CA8EAC4264C3C02006C5E52 /* OSC-Server-AUv3.app */;
			productType = "com.apple.product-type.application";
		};
/* End PBXNativeTarget section */

/* Begin PBXProject section */
		7CA8EABC264C3C02006C5E52 /* Project object */ = {
			isa = PBXProject;
			attributes = {
				LastSwiftUpdateCheck = 1250;
				LastUpgradeCheck = 1250;
				TargetAttributes = {
					7CA8EAC3264C3C02006C5E52 = {
						CreatedOnToolsVersion = 12.5;
					};
				};
			};
			buildConfigurationList = 7CA8EABF264C3C02006C5E52 /* Build configuration list for PBXProject "OSC-Server-AUv3" */;
			compatibilityVersion = "Xcode 9.3";
			developmentRegion = en;
			hasScannedForEncodings = 0;
			knownRegions = (
				en,
				Base,
			);
			mainGroup = 7CA8EABB264C3C02006C5E52;
			productRefGroup = 7CA8EAC5264C3C02006C5E52 /* Products */;
			projectDirPath = "";
			projectReferences = (
				{
					ProductGroup = 7CEB8746264D45570042E7C5 /* Products */;
					ProjectRef = 7CEB8745264D45570042E7C5 /* iOS.xcodeproj */;
				},
			);
			projectRoot = "";
			targets = (
				7CA8EAC3264C3C02006C5E52 /* OSC-Server-AUv3 */,
			);
		};
/* End PBXProject section */

/* Begin PBXReferenceProxy section */
		7CEB874A264D45570042E7C5 /* SwiftOSC.framework */ = {
			isa = PBXReferenceProxy;
			fileType = wrapper.framework;
			path = SwiftOSC.framework;
			remoteRef = 7CEB8749264D45570042E7C5 /* PBXContainerItemProxy */;
			sourceTree = BUILT_PRODUCTS_DIR;
		};
/* End PBXReferenceProxy section */

/* Begin PBXResourcesBuildPhase section */
		7CA8EAC2264C3C02006C5E52 /* Resources */ = {
			isa = PBXResourcesBuildPhase;
			buildActionMask = 2147483647;
			files = (
				7CA8EAD4264C3C04006C5E52 /* LaunchScreen.storyboard in Resources */,
				7CA8EAD1264C3C04006C5E52 /* Assets.xcassets in Resources */,
				7CA8EACF264C3C02006C5E52 /* Main.storyboard in Resources */,
			);
			runOnlyForDeploymentPostprocessing = 0;
		};
/* End PBXResourcesBuildPhase section */

/* Begin PBXSourcesBuildPhase section */
		7CA8EAC0264C3C02006C5E52 /* Sources */ = {
			isa = PBXSourcesBuildPhase;
			buildActionMask = 2147483647;
			files = (
				7CA8EACC264C3C02006C5E52 /* ViewController.swift in Sources */,
				7CA8EAC8264C3C02006C5E52 /* AppDelegate.swift in Sources */,
				7CA8EACA264C3C02006C5E52 /* SceneDelegate.swift in Sources */,
			);
			runOnlyForDeploymentPostprocessing = 0;
		};
/* End PBXSourcesBuildPhase section */

/* Begin PBXVariantGroup section */
		7CA8EACD264C3C02006C5E52 /* Main.storyboard */ = {
			isa = PBXVariantGroup;
			children = (
				7CA8EACE264C3C02006C5E52 /* Base */,
			);
			name = Main.storyboard;
			sourceTree = "<group>";
		};
		7CA8EAD2264C3C04006C5E52 /* LaunchScreen.storyboard */ = {
			isa = PBXVariantGroup;
			children = (
				7CA8EAD3264C3C04006C5E52 /* Base */,
			);
			name = LaunchScreen.storyboard;
			sourceTree = "<group>";
		};
/* End PBXVariantGroup section */

/* Begin XCBuildConfiguration section */
		7CA8EAEC264C3C05006C5E52 /* Debug */ = {
			isa = XCBuildConfiguration;
			buildSettings = {
				ALWAYS_SEARCH_USER_PATHS = NO;
				CLANG_ANALYZER_NONNULL = YES;
				CLANG_ANALYZER_NUMBER_OBJECT_CONVERSION = YES_AGGRESSIVE;
				CLANG_CXX_LANGUAGE_STANDARD = "gnu++14";
				CLANG_CXX_LIBRARY = "libc++";
				CLANG_ENABLE_MODULES = YES;
				CLANG_ENABLE_OBJC_ARC = YES;
				CLANG_ENABLE_OBJC_WEAK = YES;
				CLANG_WARN_BLOCK_CAPTURE_AUTORELEASING = YES;
				CLANG_WARN_BOOL_CONVERSION = YES;
				CLANG_WARN_COMMA = YES;
				CLANG_WARN_CONSTANT_CONVERSION = YES;
				CLANG_WARN_DEPRECATED_OBJC_IMPLEMENTATIONS = YES;
				CLANG_WARN_DIRECT_OBJC_ISA_USAGE = YES_ERROR;
				CLANG_WARN_DOCUMENTATION_COMMENTS = YES;
				CLANG_WARN_EMPTY_BODY = YES;
				CLANG_WARN_ENUM_CONVERSION = YES;
				CLANG_WARN_INFINITE_RECURSION = YES;
				CLANG_WARN_INT_CONVERSION = YES;
				CLANG_WARN_NON_LITERAL_NULL_CONVERSION = YES;
				CLANG_WARN_OBJC_IMPLICIT_RETAIN_SELF = YES;
				CLANG_WARN_OBJC_LITERAL_CONVERSION = YES;
				CLANG_WARN_OBJC_ROOT_CLASS = YES_ERROR;
				CLANG_WARN_QUOTED_INCLUDE_IN_FRAMEWORK_HEADER = YES;
				CLANG_WARN_RANGE_LOOP_ANALYSIS = YES;
				CLANG_WARN_STRICT_PROTOTYPES = YES;
				CLANG_WARN_SUSPICIOUS_MOVE = YES;
				CLANG_WARN_UNGUARDED_AVAILABILITY = YES_AGGRESSIVE;
				CLANG_WARN_UNREACHABLE_CODE = YES;
				CLANG_WARN__DUPLICATE_METHOD_MATCH = YES;
				COPY_PHASE_STRIP = NO;
				DEBUG_INFORMATION_FORMAT = dwarf;
				ENABLE_STRICT_OBJC_MSGSEND = YES;
				ENABLE_TESTABILITY = YES;
				GCC_C_LANGUAGE_STANDARD = gnu11;
				GCC_DYNAMIC_NO_PIC = NO;
				GCC_NO_COMMON_BLOCKS = YES;
				GCC_OPTIMIZATION_LEVEL = 0;
				GCC_PREPROCESSOR_DEFINITIONS = (
					"DEBUG=1",
					"$(inherited)",
				);
				GCC_WARN_64_TO_32_BIT_CONVERSION = YES;
				GCC_WARN_ABOUT_RETURN_TYPE = YES_ERROR;
				GCC_WARN_UNDECLARED_SELECTOR = YES;
				GCC_WARN_UNINITIALIZED_AUTOS = YES_AGGRESSIVE;
				GCC_WARN_UNUSED_FUNCTION = YES;
				GCC_WARN_UNUSED_VARIABLE = YES;
				IPHONEOS_DEPLOYMENT_TARGET = 14.5;
				MTL_ENABLE_DEBUG_INFO = INCLUDE_SOURCE;
				MTL_FAST_MATH = YES;
				ONLY_ACTIVE_ARCH = YES;
				SDKROOT = iphoneos;
				SWIFT_ACTIVE_COMPILATION_CONDITIONS = DEBUG;
				SWIFT_OPTIMIZATION_LEVEL = "-Onone";
			};
			name = Debug;
		};
		7CA8EAED264C3C05006C5E52 /* Release */ = {
			isa = XCBuildConfiguration;
			buildSettings = {
				ALWAYS_SEARCH_USER_PATHS = NO;
				CLANG_ANALYZER_NONNULL = YES;
				CLANG_ANALYZER_NUMBER_OBJECT_CONVERSION = YES_AGGRESSIVE;
				CLANG_CXX_LANGUAGE_STANDARD = "gnu++14";
				CLANG_CXX_LIBRARY = "libc++";
				CLANG_ENABLE_MODULES = YES;
				CLANG_ENABLE_OBJC_ARC = YES;
				CLANG_ENABLE_OBJC_WEAK = YES;
				CLANG_WARN_BLOCK_CAPTURE_AUTORELEASING = YES;
				CLANG_WARN_BOOL_CONVERSION = YES;
				CLANG_WARN_COMMA = YES;
				CLANG_WARN_CONSTANT_CONVERSION = YES;
				CLANG_WARN_DEPRECATED_OBJC_IMPLEMENTATIONS = YES;
				CLANG_WARN_DIRECT_OBJC_ISA_USAGE = YES_ERROR;
				CLANG_WARN_DOCUMENTATION_COMMENTS = YES;
				CLANG_WARN_EMPTY_BODY = YES;
				CLANG_WARN_ENUM_CONVERSION = YES;
				CLANG_WARN_INFINITE_RECURSION = YES;
				CLANG_WARN_INT_CONVERSION = YES;
				CLANG_WARN_NON_LITERAL_NULL_CONVERSION = YES;
				CLANG_WARN_OBJC_IMPLICIT_RETAIN_SELF = YES;
				CLANG_WARN_OBJC_LITERAL_CONVERSION = YES;
				CLANG_WARN_OBJC_ROOT_CLASS = YES_ERROR;
				CLANG_WARN_QUOTED_INCLUDE_IN_FRAMEWORK_HEADER = YES;
				CLANG_WARN_RANGE_LOOP_ANALYSIS = YES;
				CLANG_WARN_STRICT_PROTOTYPES = YES;
				CLANG_WARN_SUSPICIOUS_MOVE = YES;
				CLANG_WARN_UNGUARDED_AVAILABILITY = YES_AGGRESSIVE;
				CLANG_WARN_UNREACHABLE_CODE = YES;
				CLANG_WARN__DUPLICATE_METHOD_MATCH = YES;
				COPY_PHASE_STRIP = NO;
				DEBUG_INFORMATION_FORMAT = "dwarf-with-dsym";
				ENABLE_NS_ASSERTIONS = NO;
				ENABLE_STRICT_OBJC_MSGSEND = YES;
				GCC_C_LANGUAGE_STANDARD = gnu11;
				GCC_NO_COMMON_BLOCKS = YES;
				GCC_WARN_64_TO_32_BIT_CONVERSION = YES;
				GCC_WARN_ABOUT_RETURN_TYPE = YES_ERROR;
				GCC_WARN_UNDECLARED_SELECTOR = YES;
				GCC_WARN_UNINITIALIZED_AUTOS = YES_AGGRESSIVE;
				GCC_WARN_UNUSED_FUNCTION = YES;
				GCC_WARN_UNUSED_VARIABLE = YES;
				IPHONEOS_DEPLOYMENT_TARGET = 14.5;
				MTL_ENABLE_DEBUG_INFO = NO;
				MTL_FAST_MATH = YES;
				SDKROOT = iphoneos;
				SWIFT_COMPILATION_MODE = wholemodule;
				SWIFT_OPTIMIZATION_LEVEL = "-O";
				VALIDATE_PRODUCT = YES;
			};
			name = Release;
		};
		7CA8EAEF264C3C05006C5E52 /* Debug */ = {
			isa = XCBuildConfiguration;
			buildSettings = {
				ASSETCATALOG_COMPILER_APPICON_NAME = AppIcon;
				ASSETCATALOG_COMPILER_GLOBAL_ACCENT_COLOR_NAME = AccentColor;
				CODE_SIGN_ENTITLEMENTS = "OSC-Server-AUv3/OSC-Server-AUv3.entitlements";
				CODE_SIGN_STYLE = Automatic;
				DEVELOPMENT_TEAM = U2N9D47H83;
				INFOPLIST_FILE = "OSC-Server-AUv3/Info.plist";
				LD_RUNPATH_SEARCH_PATHS = (
					"$(inherited)",
					"@executable_path/Frameworks",
				);
				PRODUCT_BUNDLE_IDENTIFIER = "nl.symphonic-emotions.OSC-Server-AUv3";
				PRODUCT_NAME = "$(TARGET_NAME)";
				SUPPORTS_MACCATALYST = YES;
				SWIFT_VERSION = 5.0;
				TARGETED_DEVICE_FAMILY = "1,2";
			};
			name = Debug;
		};
		7CA8EAF0264C3C05006C5E52 /* Release */ = {
			isa = XCBuildConfiguration;
			buildSettings = {
				ASSETCATALOG_COMPILER_APPICON_NAME = AppIcon;
				ASSETCATALOG_COMPILER_GLOBAL_ACCENT_COLOR_NAME = AccentColor;
				CODE_SIGN_ENTITLEMENTS = "OSC-Server-AUv3/OSC-Server-AUv3.entitlements";
				CODE_SIGN_STYLE = Automatic;
				DEVELOPMENT_TEAM = U2N9D47H83;
				INFOPLIST_FILE = "OSC-Server-AUv3/Info.plist";
				LD_RUNPATH_SEARCH_PATHS = (
					"$(inherited)",
					"@executable_path/Frameworks",
				);
				PRODUCT_BUNDLE_IDENTIFIER = "nl.symphonic-emotions.OSC-Server-AUv3";
				PRODUCT_NAME = "$(TARGET_NAME)";
				SUPPORTS_MACCATALYST = YES;
				SWIFT_VERSION = 5.0;
				TARGETED_DEVICE_FAMILY = "1,2";
			};
			name = Release;
		};
/* End XCBuildConfiguration section */

/* Begin XCConfigurationList section */
		7CA8EABF264C3C02006C5E52 /* Build configuration list for PBXProject "OSC-Server-AUv3" */ = {
			isa = XCConfigurationList;
			buildConfigurations = (
				7CA8EAEC264C3C05006C5E52 /* Debug */,
				7CA8EAED264C3C05006C5E52 /* Release */,
			);
			defaultConfigurationIsVisible = 0;
			defaultConfigurationName = Release;
		};
		7CA8EAEE264C3C05006C5E52 /* Build configuration list for PBXNativeTarget "OSC-Server-AUv3" */ = {
			isa = XCConfigurationList;
			buildConfigurations = (
				7CA8EAEF264C3C05006C5E52 /* Debug */,
				7CA8EAF0264C3C05006C5E52 /* Release */,
			);
			defaultConfigurationIsVisible = 0;
			defaultConfigurationName = Release;
		};
/* End XCConfigurationList section */
	};
	rootObject = 7CA8EABC264C3C02006C5E52 /* Project object */;
}
